
Microsoft Visual Studio Solution File, Format Version 12.00
# Visual Studio Version 16
VisualStudioVersion = 16.0.31205.134
MinimumVisualStudioVersion = 10.0.40219.1
Project("{9A19103F-16F7-4668-BE54-9A1E7A4F7556}") = "XperienceCommunity.WidgetFilter", "XperienceCommunity.WidgetFilter\XperienceCommunity.WidgetFilter.csproj", "{629B95C6-E4CE-4DDF-A669-4AC1BA5CF08A}"
EndProject
Global
	GlobalSection(SolutionConfigurationPlatforms) = preSolution
		Debug|Any CPU = Debug|Any CPU
		Release|Any CPU = Release|Any CPU
	EndGlobalSection
	GlobalSection(ProjectConfigurationPlatforms) = postSolution
		{629B95C6-E4CE-4DDF-A669-4AC1BA5CF08A}.Debug|Any CPU.ActiveCfg = Debug|Any CPU
		{629B95C6-E4CE-4DDF-A669-4AC1BA5CF08A}.Debug|Any CPU.Build.0 = Debug|Any CPU
		{629B95C6-E4CE-4DDF-A669-4AC1BA5CF08A}.Release|Any CPU.ActiveCfg = Release|Any CPU
		{629B95C6-E4CE-4DDF-A669-4AC1BA5CF08A}.Release|Any CPU.Build.0 = Release|Any CPU
	EndGlobalSection
	GlobalSection(SolutionProperties) = preSolution
		HideSolutionNode = FALSE
	EndGlobalSection
	GlobalSection(ExtensibilityGlobals) = postSolution
		SolutionGuid = {58E2CC23-8712-42E9-9A94-E9617982BC3D}
	EndGlobalSection
EndGlobal
